
Microsoft Visual Studio Solution File, Format Version 12.00
# Visual Studio Version 17
VisualStudioVersion = 17.7.34024.191
MinimumVisualStudioVersion = 10.0.40219.1
Project("{9A19103F-16F7-4668-BE54-9A1E7A4F7556}") = "ValiShop", "ValiShop\ValiShop.csproj", "{9A90D92F-E368-4D9A-89BD-C065370EF78E}"
EndProject
Project("{9A19103F-16F7-4668-BE54-9A1E7A4F7556}") = "ValiShop.ApplicationServices", "ValiShop.ApplicationServices\ValiShop.ApplicationServices.csproj", "{3B2D9D91-33BF-4295-8BCF-F2C4A64C516A}"
EndProject
Project("{9A19103F-16F7-4668-BE54-9A1E7A4F7556}") = "ValiShop.Core", "ValiShop.Core\ValiShop.Core.csproj", "{B03F95BA-F528-4362-97B2-A80AB03F28B3}"
EndProject
Project("{9A19103F-16F7-4668-BE54-9A1E7A4F7556}") = "ValiShop.Data", "ValiShop.Data\ValiShop.Data.csproj", "{F9970ED3-98D9-498C-9174-078F8022BDBF}"
EndProject
Project("{9A19103F-16F7-4668-BE54-9A1E7A4F7556}") = "ValiShop.SpaceshipTest", "ValiShop.SpaceshipTest\ValiShop.SpaceshipTest.csproj", "{91FA9FFA-0AD7-4211-9914-BDCA11861999}"
EndProject
Global
	GlobalSection(SolutionConfigurationPlatforms) = preSolution
		Debug|Any CPU = Debug|Any CPU
		Release|Any CPU = Release|Any CPU
	EndGlobalSection
	GlobalSection(ProjectConfigurationPlatforms) = postSolution
		{9A90D92F-E368-4D9A-89BD-C065370EF78E}.Debug|Any CPU.ActiveCfg = Debug|Any CPU
		{9A90D92F-E368-4D9A-89BD-C065370EF78E}.Debug|Any CPU.Build.0 = Debug|Any CPU
		{9A90D92F-E368-4D9A-89BD-C065370EF78E}.Release|Any CPU.ActiveCfg = Release|Any CPU
		{9A90D92F-E368-4D9A-89BD-C065370EF78E}.Release|Any CPU.Build.0 = Release|Any CPU
		{3B2D9D91-33BF-4295-8BCF-F2C4A64C516A}.Debug|Any CPU.ActiveCfg = Debug|Any CPU
		{3B2D9D91-33BF-4295-8BCF-F2C4A64C516A}.Debug|Any CPU.Build.0 = Debug|Any CPU
		{3B2D9D91-33BF-4295-8BCF-F2C4A64C516A}.Release|Any CPU.ActiveCfg = Release|Any CPU
		{3B2D9D91-33BF-4295-8BCF-F2C4A64C516A}.Release|Any CPU.Build.0 = Release|Any CPU
		{B03F95BA-F528-4362-97B2-A80AB03F28B3}.Debug|Any CPU.ActiveCfg = Debug|Any CPU
		{B03F95BA-F528-4362-97B2-A80AB03F28B3}.Debug|Any CPU.Build.0 = Debug|Any CPU
		{B03F95BA-F528-4362-97B2-A80AB03F28B3}.Release|Any CPU.ActiveCfg = Release|Any CPU
		{B03F95BA-F528-4362-97B2-A80AB03F28B3}.Release|Any CPU.Build.0 = Release|Any CPU
		{F9970ED3-98D9-498C-9174-078F8022BDBF}.Debug|Any CPU.ActiveCfg = Debug|Any CPU
		{F9970ED3-98D9-498C-9174-078F8022BDBF}.Debug|Any CPU.Build.0 = Debug|Any CPU
		{F9970ED3-98D9-498C-9174-078F8022BDBF}.Release|Any CPU.ActiveCfg = Release|Any CPU
		{F9970ED3-98D9-498C-9174-078F8022BDBF}.Release|Any CPU.Build.0 = Release|Any CPU
		{91FA9FFA-0AD7-4211-9914-BDCA11861999}.Debug|Any CPU.ActiveCfg = Debug|Any CPU
		{91FA9FFA-0AD7-4211-9914-BDCA11861999}.Debug|Any CPU.Build.0 = Debug|Any CPU
		{91FA9FFA-0AD7-4211-9914-BDCA11861999}.Release|Any CPU.ActiveCfg = Release|Any CPU
		{91FA9FFA-0AD7-4211-9914-BDCA11861999}.Release|Any CPU.Build.0 = Release|Any CPU
	EndGlobalSection
	GlobalSection(SolutionProperties) = preSolution
		HideSolutionNode = FALSE
	EndGlobalSection
	GlobalSection(ExtensibilityGlobals) = postSolution
		SolutionGuid = {D5FC000C-F5AB-4539-9ECD-E22457CA7F01}
	EndGlobalSection
EndGlobal
